
Microsoft Visual Studio Solution File, Format Version 12.00
# Visual Studio Version 17
VisualStudioVersion = 17.10.35027.167
MinimumVisualStudioVersion = 10.0.40219.1
Project("{9A19103F-16F7-4668-BE54-9A1E7A4F7556}") = "TradeCategoryUbsAPI", "TradeCategoryUbsAPI.csproj", "{953C2519-78CA-4F9E-828D-8F85CF50855C}"
EndProject
Global
	GlobalSection(SolutionConfigurationPlatforms) = preSolution
		Debug|Any CPU = Debug|Any CPU
		Release|Any CPU = Release|Any CPU
	EndGlobalSection
	GlobalSection(ProjectConfigurationPlatforms) = postSolution
		{953C2519-78CA-4F9E-828D-8F85CF50855C}.Debug|Any CPU.ActiveCfg = Debug|Any CPU
		{953C2519-78CA-4F9E-828D-8F85CF50855C}.Debug|Any CPU.Build.0 = Debug|Any CPU
		{953C2519-78CA-4F9E-828D-8F85CF50855C}.Release|Any CPU.ActiveCfg = Release|Any CPU
		{953C2519-78CA-4F9E-828D-8F85CF50855C}.Release|Any CPU.Build.0 = Release|Any CPU
	EndGlobalSection
	GlobalSection(SolutionProperties) = preSolution
		HideSolutionNode = FALSE
	EndGlobalSection
	GlobalSection(ExtensibilityGlobals) = postSolution
		SolutionGuid = {80AC6592-2F3D-491A-91EF-8B49E4D5B8FC}
	EndGlobalSection
EndGlobal
